
Microsoft Visual Studio Solution File, Format Version 12.00
# Visual Studio Version 17
VisualStudioVersion = 17.11.35222.181
MinimumVisualStudioVersion = 10.0.40219.1
Project("{9A19103F-16F7-4668-BE54-9A1E7A4F7556}") = "ratelimitingSlidingWindow", "ratelimiting\ratelimitingSlidingWindow.csproj", "{50695039-1FBC-4CD3-9286-9226547DDB0D}"
EndProject
Project("{FAE04EC0-301F-11D3-BF4B-00C04F79EFBC}") = "rateLimitingTokenBucket", "rateLimitingTokenBucket\rateLimitingTokenBucket.csproj", "{1CA0835E-DF2E-4DB2-B6A0-BFB55DBF3AFC}"
EndProject
Project("{FAE04EC0-301F-11D3-BF4B-00C04F79EFBC}") = "rateLimitingLeakyBucket", "rateLimitingLeakyBucket\rateLimitingLeakyBucket.csproj", "{860DE762-061F-48F3-A656-492DABAF6202}"
EndProject
Project("{FAE04EC0-301F-11D3-BF4B-00C04F79EFBC}") = "rateLimitingFixedWindow", "rateLimitingFixedWindow\rateLimitingFixedWindow.csproj", "{9AFE59AF-4D04-40C5-9A60-B0A93F0D5D7E}"
EndProject
Global
	GlobalSection(SolutionConfigurationPlatforms) = preSolution
		Debug|Any CPU = Debug|Any CPU
		Release|Any CPU = Release|Any CPU
	EndGlobalSection
	GlobalSection(ProjectConfigurationPlatforms) = postSolution
		{50695039-1FBC-4CD3-9286-9226547DDB0D}.Debug|Any CPU.ActiveCfg = Debug|Any CPU
		{50695039-1FBC-4CD3-9286-9226547DDB0D}.Debug|Any CPU.Build.0 = Debug|Any CPU
		{50695039-1FBC-4CD3-9286-9226547DDB0D}.Release|Any CPU.ActiveCfg = Release|Any CPU
		{50695039-1FBC-4CD3-9286-9226547DDB0D}.Release|Any CPU.Build.0 = Release|Any CPU
		{1CA0835E-DF2E-4DB2-B6A0-BFB55DBF3AFC}.Debug|Any CPU.ActiveCfg = Debug|Any CPU
		{1CA0835E-DF2E-4DB2-B6A0-BFB55DBF3AFC}.Debug|Any CPU.Build.0 = Debug|Any CPU
		{1CA0835E-DF2E-4DB2-B6A0-BFB55DBF3AFC}.Release|Any CPU.ActiveCfg = Release|Any CPU
		{1CA0835E-DF2E-4DB2-B6A0-BFB55DBF3AFC}.Release|Any CPU.Build.0 = Release|Any CPU
		{860DE762-061F-48F3-A656-492DABAF6202}.Debug|Any CPU.ActiveCfg = Debug|Any CPU
		{860DE762-061F-48F3-A656-492DABAF6202}.Debug|Any CPU.Build.0 = Debug|Any CPU
		{860DE762-061F-48F3-A656-492DABAF6202}.Release|Any CPU.ActiveCfg = Release|Any CPU
		{860DE762-061F-48F3-A656-492DABAF6202}.Release|Any CPU.Build.0 = Release|Any CPU
		{9AFE59AF-4D04-40C5-9A60-B0A93F0D5D7E}.Debug|Any CPU.ActiveCfg = Debug|Any CPU
		{9AFE59AF-4D04-40C5-9A60-B0A93F0D5D7E}.Debug|Any CPU.Build.0 = Debug|Any CPU
		{9AFE59AF-4D04-40C5-9A60-B0A93F0D5D7E}.Release|Any CPU.ActiveCfg = Release|Any CPU
		{9AFE59AF-4D04-40C5-9A60-B0A93F0D5D7E}.Release|Any CPU.Build.0 = Release|Any CPU
	EndGlobalSection
	GlobalSection(SolutionProperties) = preSolution
		HideSolutionNode = FALSE
	EndGlobalSection
	GlobalSection(ExtensibilityGlobals) = postSolution
		SolutionGuid = {D316E32C-D1AD-4B47-AB09-B26456C51B1D}
	EndGlobalSection
EndGlobal
